// !$*UTF8*$!
{
	archiveVersion = 1;
	classes = {
	};
	objectVersion = 56;
	objects = {

/* Begin PBXBuildFile section */
		41060B562A3CA6DA00B984EC /* MyWeatherApp.swift in Sources */ = {isa = PBXBuildFile; fileRef = 41060B552A3CA6DA00B984EC /* MyWeatherApp.swift */; };
		41060B582A3CA6DA00B984EC /* ContentView.swift in Sources */ = {isa = PBXBuildFile; fileRef = 41060B572A3CA6DA00B984EC /* ContentView.swift */; };
		41060B5A2A3CA6DC00B984EC /* Assets.xcassets in Resources */ = {isa = PBXBuildFile; fileRef = 41060B592A3CA6DC00B984EC /* Assets.xcassets */; };
		41060B5D2A3CA6DC00B984EC /* Preview Assets.xcassets in Resources */ = {isa = PBXBuildFile; fileRef = 41060B5C2A3CA6DC00B984EC /* Preview Assets.xcassets */; };
		41060B692A3CA8E700B984EC /* Colors.swift in Sources */ = {isa = PBXBuildFile; fileRef = 41060B682A3CA8E700B984EC /* Colors.swift */; };
		41060B6B2A3CA99400B984EC /* Extension.swift in Sources */ = {isa = PBXBuildFile; fileRef = 41060B6A2A3CA99400B984EC /* Extension.swift */; };
		41E9BFB82A3CB946007069E3 /* HeaderCompnent.swift in Sources */ = {isa = PBXBuildFile; fileRef = 41E9BFB72A3CB945007069E3 /* HeaderCompnent.swift */; };
		41F2EFDB2A3CED9E0082D2D1 /* TopWeatherCard.swift in Sources */ = {isa = PBXBuildFile; fileRef = 41F2EFDA2A3CED9E0082D2D1 /* TopWeatherCard.swift */; };
		41F2EFDD2A3D9C620082D2D1 /* NavabrUnderCard.swift in Sources */ = {isa = PBXBuildFile; fileRef = 41F2EFDC2A3D9C620082D2D1 /* NavabrUnderCard.swift */; };
		41F2EFE22A3DA9810082D2D1 /* SmartAC.swift in Sources */ = {isa = PBXBuildFile; fileRef = 41F2EFE12A3DA9810082D2D1 /* SmartAC.swift */; };
		41F2EFE42A3DAA2D0082D2D1 /* Shapes.swift in Sources */ = {isa = PBXBuildFile; fileRef = 41F2EFE32A3DAA2D0082D2D1 /* Shapes.swift */; };
		41F2EFE82A3DB0520082D2D1 /* Styles.swift in Sources */ = {isa = PBXBuildFile; fileRef = 41F2EFE72A3DB0520082D2D1 /* Styles.swift */; };
		41F2EFEA2A3DEC9E0082D2D1 /* TestComponent.swift in Sources */ = {isa = PBXBuildFile; fileRef = 41F2EFE92A3DEC9E0082D2D1 /* TestComponent.swift */; };
		41F2EFEC2A3EB1A50082D2D1 /* LivingRoomView.swift in Sources */ = {isa = PBXBuildFile; fileRef = 41F2EFEB2A3EB1A50082D2D1 /* LivingRoomView.swift */; };
		41F2EFF22A3EB4B90082D2D1 /* LivingRoomHeader.swift in Sources */ = {isa = PBXBuildFile; fileRef = 41F2EFF12A3EB4B90082D2D1 /* LivingRoomHeader.swift */; };
		41F2EFF42A3F044A0082D2D1 /* CenterOvalComponent.swift in Sources */ = {isa = PBXBuildFile; fileRef = 41F2EFF32A3F044A0082D2D1 /* CenterOvalComponent.swift */; };
		41F2EFF62A3F4C960082D2D1 /* UnionShapeComponent.swift in Sources */ = {isa = PBXBuildFile; fileRef = 41F2EFF52A3F4C960082D2D1 /* UnionShapeComponent.swift */; };
/* End PBXBuildFile section */

/* Begin PBXFileReference section */
		41060B522A3CA6DA00B984EC /* MyWeather.app */ = {isa = PBXFileReference; explicitFileType = wrapper.application; includeInIndex = 0; path = MyWeather.app; sourceTree = BUILT_PRODUCTS_DIR; };
		41060B552A3CA6DA00B984EC /* MyWeatherApp.swift */ = {isa = PBXFileReference; lastKnownFileType = sourcecode.swift; path = MyWeatherApp.swift; sourceTree = "<group>"; };
		41060B572A3CA6DA00B984EC /* ContentView.swift */ = {isa = PBXFileReference; lastKnownFileType = sourcecode.swift; path = ContentView.swift; sourceTree = "<group>"; };
		41060B592A3CA6DC00B984EC /* Assets.xcassets */ = {isa = PBXFileReference; lastKnownFileType = folder.assetcatalog; path = Assets.xcassets; sourceTree = "<group>"; };
		41060B5C2A3CA6DC00B984EC /* Preview Assets.xcassets */ = {isa = PBXFileReference; lastKnownFileType = folder.assetcatalog; path = "Preview Assets.xcassets"; sourceTree = "<group>"; };
		41060B682A3CA8E700B984EC /* Colors.swift */ = {isa = PBXFileReference; lastKnownFileType = sourcecode.swift; path = Colors.swift; sourceTree = "<group>"; };
		41060B6A2A3CA99400B984EC /* Extension.swift */ = {isa = PBXFileReference; lastKnownFileType = sourcecode.swift; path = Extension.swift; sourceTree = "<group>"; };
		41E9BFB72A3CB945007069E3 /* HeaderCompnent.swift */ = {isa = PBXFileReference; lastKnownFileType = sourcecode.swift; path = HeaderCompnent.swift; sourceTree = "<group>"; };
		41F2EFDA2A3CED9E0082D2D1 /* TopWeatherCard.swift */ = {isa = PBXFileReference; lastKnownFileType = sourcecode.swift; path = TopWeatherCard.swift; sourceTree = "<group>"; };
		41F2EFDC2A3D9C620082D2D1 /* NavabrUnderCard.swift */ = {isa = PBXFileReference; lastKnownFileType = sourcecode.swift; path = NavabrUnderCard.swift; sourceTree = "<group>"; };
		41F2EFE12A3DA9810082D2D1 /* SmartAC.swift */ = {isa = PBXFileReference; lastKnownFileType = sourcecode.swift; path = SmartAC.swift; sourceTree = "<group>"; };
		41F2EFE32A3DAA2D0082D2D1 /* Shapes.swift */ = {isa = PBXFileReference; lastKnownFileType = sourcecode.swift; path = Shapes.swift; sourceTree = "<group>"; };
		41F2EFE72A3DB0520082D2D1 /* Styles.swift */ = {isa = PBXFileReference; lastKnownFileType = sourcecode.swift; path = Styles.swift; sourceTree = "<group>"; };
		41F2EFE92A3DEC9E0082D2D1 /* TestComponent.swift */ = {isa = PBXFileReference; lastKnownFileType = sourcecode.swift; path = TestComponent.swift; sourceTree = "<group>"; };
		41F2EFEB2A3EB1A50082D2D1 /* LivingRoomView.swift */ = {isa = PBXFileReference; lastKnownFileType = sourcecode.swift; path = LivingRoomView.swift; sourceTree = "<group>"; };
		41F2EFF12A3EB4B90082D2D1 /* LivingRoomHeader.swift */ = {isa = PBXFileReference; lastKnownFileType = sourcecode.swift; path = LivingRoomHeader.swift; sourceTree = "<group>"; };
		41F2EFF32A3F044A0082D2D1 /* CenterOvalComponent.swift */ = {isa = PBXFileReference; lastKnownFileType = sourcecode.swift; path = CenterOvalComponent.swift; sourceTree = "<group>"; };
		41F2EFF52A3F4C960082D2D1 /* UnionShapeComponent.swift */ = {isa = PBXFileReference; lastKnownFileType = sourcecode.swift; path = UnionShapeComponent.swift; sourceTree = "<group>"; };
/* End PBXFileReference section */

/* Begin PBXFrameworksBuildPhase section */
		41060B4F2A3CA6DA00B984EC /* Frameworks */ = {
			isa = PBXFrameworksBuildPhase;
			buildActionMask = 2147483647;
			files = (
			);
			runOnlyForDeploymentPostprocessing = 0;
		};
/* End PBXFrameworksBuildPhase section */

/* Begin PBXGroup section */
		41060B492A3CA6DA00B984EC = {
			isa = PBXGroup;
			children = (
				41060B542A3CA6DA00B984EC /* MyWeather */,
				41060B532A3CA6DA00B984EC /* Products */,
			);
			sourceTree = "<group>";
		};
		41060B532A3CA6DA00B984EC /* Products */ = {
			isa = PBXGroup;
			children = (
				41060B522A3CA6DA00B984EC /* MyWeather.app */,
			);
			name = Products;
			sourceTree = "<group>";
		};
		41060B542A3CA6DA00B984EC /* MyWeather */ = {
			isa = PBXGroup;
			children = (
				41F2EFE62A3DB0350082D2D1 /* Utiltis */,
				41F2EFE52A3DB0190082D2D1 /* Shapes */,
				41060B672A3CA80200B984EC /* Constants */,
				41060B662A3CA7D400B984EC /* Extensions */,
				41060B652A3CA7C200B984EC /* Components */,
				41060B642A3CA7AA00B984EC /* Models */,
				41060B552A3CA6DA00B984EC /* MyWeatherApp.swift */,
				41060B632A3CA78000B984EC /* View */,
				41060B592A3CA6DC00B984EC /* Assets.xcassets */,
				41060B5B2A3CA6DC00B984EC /* Preview Content */,
			);
			path = MyWeather;
			sourceTree = "<group>";
		};
		41060B5B2A3CA6DC00B984EC /* Preview Content */ = {
			isa = PBXGroup;
			children = (
				41060B5C2A3CA6DC00B984EC /* Preview Assets.xcassets */,
			);
			path = "Preview Content";
			sourceTree = "<group>";
		};
		41060B632A3CA78000B984EC /* View */ = {
			isa = PBXGroup;
			children = (
				41060B572A3CA6DA00B984EC /* ContentView.swift */,
				41F2EFEB2A3EB1A50082D2D1 /* LivingRoomView.swift */,
			);
			path = View;
			sourceTree = "<group>";
		};
		41060B642A3CA7AA00B984EC /* Models */ = {
			isa = PBXGroup;
			children = (
			);
			path = Models;
			sourceTree = "<group>";
		};
		41060B652A3CA7C200B984EC /* Components */ = {
			isa = PBXGroup;
			children = (
				41F2EFEE2A3EB2480082D2D1 /* LivingRoomComponents */,
				41F2EFDE2A3DA9540082D2D1 /* Smarts */,
				41F2EFED2A3EB21C0082D2D1 /* ContentViewComponents */,
			);
			path = Components;
			sourceTree = "<group>";
		};
		41060B662A3CA7D400B984EC /* Extensions */ = {
			isa = PBXGroup;
			children = (
				41060B6A2A3CA99400B984EC /* Extension.swift */,
			);
			path = Extensions;
			sourceTree = "<group>";
		};
		41060B672A3CA80200B984EC /* Constants */ = {
			isa = PBXGroup;
			children = (
				41060B682A3CA8E700B984EC /* Colors.swift */,
			);
			path = Constants;
			sourceTree = "<group>";
		};
		41F2EFDE2A3DA9540082D2D1 /* Smarts */ = {
			isa = PBXGroup;
			children = (
				41F2EFE12A3DA9810082D2D1 /* SmartAC.swift */,
			);
			path = Smarts;
			sourceTree = "<group>";
		};
		41F2EFE52A3DB0190082D2D1 /* Shapes */ = {
			isa = PBXGroup;
			children = (
				41F2EFE32A3DAA2D0082D2D1 /* Shapes.swift */,
			);
			path = Shapes;
			sourceTree = "<group>";
		};
		41F2EFE62A3DB0350082D2D1 /* Utiltis */ = {
			isa = PBXGroup;
			children = (
				41F2EFE72A3DB0520082D2D1 /* Styles.swift */,
			);
			path = Utiltis;
			sourceTree = "<group>";
		};
		41F2EFED2A3EB21C0082D2D1 /* ContentViewComponents */ = {
			isa = PBXGroup;
			children = (
				41E9BFB72A3CB945007069E3 /* HeaderCompnent.swift */,
				41F2EFDA2A3CED9E0082D2D1 /* TopWeatherCard.swift */,
				41F2EFDC2A3D9C620082D2D1 /* NavabrUnderCard.swift */,
				41F2EFE92A3DEC9E0082D2D1 /* TestComponent.swift */,
			);
			path = ContentViewComponents;
			sourceTree = "<group>";
		};
		41F2EFEE2A3EB2480082D2D1 /* LivingRoomComponents */ = {
			isa = PBXGroup;
			children = (
				41F2EFF12A3EB4B90082D2D1 /* LivingRoomHeader.swift */,
				41F2EFF32A3F044A0082D2D1 /* CenterOvalComponent.swift */,
				41F2EFF52A3F4C960082D2D1 /* UnionShapeComponent.swift */,
			);
			path = LivingRoomComponents;
			sourceTree = "<group>";
		};
/* End PBXGroup section */

/* Begin PBXNativeTarget section */
		41060B512A3CA6DA00B984EC /* MyWeather */ = {
			isa = PBXNativeTarget;
			buildConfigurationList = 41060B602A3CA6DC00B984EC /* Build configuration list for PBXNativeTarget "MyWeather" */;
			buildPhases = (
				41060B4E2A3CA6DA00B984EC /* Sources */,
				41060B4F2A3CA6DA00B984EC /* Frameworks */,
				41060B502A3CA6DA00B984EC /* Resources */,
			);
			buildRules = (
			);
			dependencies = (
			);
			name = MyWeather;
			productName = MyWeather;
			productReference = 41060B522A3CA6DA00B984EC /* MyWeather.app */;
			productType = "com.apple.product-type.application";
		};
/* End PBXNativeTarget section */

/* Begin PBXProject section */
		41060B4A2A3CA6DA00B984EC /* Project object */ = {
			isa = PBXProject;
			attributes = {
				BuildIndependentTargetsInParallel = 1;
				LastSwiftUpdateCheck = 1430;
				LastUpgradeCheck = 1430;
				TargetAttributes = {
					41060B512A3CA6DA00B984EC = {
						CreatedOnToolsVersion = 14.3;
					};
				};
			};
			buildConfigurationList = 41060B4D2A3CA6DA00B984EC /* Build configuration list for PBXProject "MyWeather" */;
			compatibilityVersion = "Xcode 14.0";
			developmentRegion = en;
			hasScannedForEncodings = 0;
			knownRegions = (
				en,
				Base,
			);
			mainGroup = 41060B492A3CA6DA00B984EC;
			productRefGroup = 41060B532A3CA6DA00B984EC /* Products */;
			projectDirPath = "";
			projectRoot = "";
			targets = (
				41060B512A3CA6DA00B984EC /* MyWeather */,
			);
		};
/* End PBXProject section */

/* Begin PBXResourcesBuildPhase section */
		41060B502A3CA6DA00B984EC /* Resources */ = {
			isa = PBXResourcesBuildPhase;
			buildActionMask = 2147483647;
			files = (
				41060B5D2A3CA6DC00B984EC /* Preview Assets.xcassets in Resources */,
				41060B5A2A3CA6DC00B984EC /* Assets.xcassets in Resources */,
			);
			runOnlyForDeploymentPostprocessing = 0;
		};
/* End PBXResourcesBuildPhase section */

/* Begin PBXSourcesBuildPhase section */
		41060B4E2A3CA6DA00B984EC /* Sources */ = {
			isa = PBXSourcesBuildPhase;
			buildActionMask = 2147483647;
			files = (
				41060B582A3CA6DA00B984EC /* ContentView.swift in Sources */,
				41F2EFE82A3DB0520082D2D1 /* Styles.swift in Sources */,
				41060B6B2A3CA99400B984EC /* Extension.swift in Sources */,
				41F2EFE42A3DAA2D0082D2D1 /* Shapes.swift in Sources */,
				41F2EFF62A3F4C960082D2D1 /* UnionShapeComponent.swift in Sources */,
				41F2EFF22A3EB4B90082D2D1 /* LivingRoomHeader.swift in Sources */,
				41F2EFEC2A3EB1A50082D2D1 /* LivingRoomView.swift in Sources */,
				41F2EFDB2A3CED9E0082D2D1 /* TopWeatherCard.swift in Sources */,
				41F2EFE22A3DA9810082D2D1 /* SmartAC.swift in Sources */,
				41F2EFF42A3F044A0082D2D1 /* CenterOvalComponent.swift in Sources */,
				41E9BFB82A3CB946007069E3 /* HeaderCompnent.swift in Sources */,
				41F2EFEA2A3DEC9E0082D2D1 /* TestComponent.swift in Sources */,
				41F2EFDD2A3D9C620082D2D1 /* NavabrUnderCard.swift in Sources */,
				41060B692A3CA8E700B984EC /* Colors.swift in Sources */,
				41060B562A3CA6DA00B984EC /* MyWeatherApp.swift in Sources */,
			);
			runOnlyForDeploymentPostprocessing = 0;
		};
/* End PBXSourcesBuildPhase section */

/* Begin XCBuildConfiguration section */
		41060B5E2A3CA6DC00B984EC /* Debug */ = {
			isa = XCBuildConfiguration;
			buildSettings = {
				ALWAYS_SEARCH_USER_PATHS = NO;
				CLANG_ANALYZER_NONNULL = YES;
				CLANG_ANALYZER_NUMBER_OBJECT_CONVERSION = YES_AGGRESSIVE;
				CLANG_CXX_LANGUAGE_STANDARD = "gnu++20";
				CLANG_ENABLE_MODULES = YES;
				CLANG_ENABLE_OBJC_ARC = YES;
				CLANG_ENABLE_OBJC_WEAK = YES;
				CLANG_WARN_BLOCK_CAPTURE_AUTORELEASING = YES;
				CLANG_WARN_BOOL_CONVERSION = YES;
				CLANG_WARN_COMMA = YES;
				CLANG_WARN_CONSTANT_CONVERSION = YES;
				CLANG_WARN_DEPRECATED_OBJC_IMPLEMENTATIONS = YES;
				CLANG_WARN_DIRECT_OBJC_ISA_USAGE = YES_ERROR;
				CLANG_WARN_DOCUMENTATION_COMMENTS = YES;
				CLANG_WARN_EMPTY_BODY = YES;
				CLANG_WARN_ENUM_CONVERSION = YES;
				CLANG_WARN_INFINITE_RECURSION = YES;
				CLANG_WARN_INT_CONVERSION = YES;
				CLANG_WARN_NON_LITERAL_NULL_CONVERSION = YES;
				CLANG_WARN_OBJC_IMPLICIT_RETAIN_SELF = YES;
				CLANG_WARN_OBJC_LITERAL_CONVERSION = YES;
				CLANG_WARN_OBJC_ROOT_CLASS = YES_ERROR;
				CLANG_WARN_QUOTED_INCLUDE_IN_FRAMEWORK_HEADER = YES;
				CLANG_WARN_RANGE_LOOP_ANALYSIS = YES;
				CLANG_WARN_STRICT_PROTOTYPES = YES;
				CLANG_WARN_SUSPICIOUS_MOVE = YES;
				CLANG_WARN_UNGUARDED_AVAILABILITY = YES_AGGRESSIVE;
				CLANG_WARN_UNREACHABLE_CODE = YES;
				CLANG_WARN__DUPLICATE_METHOD_MATCH = YES;
				COPY_PHASE_STRIP = NO;
				DEBUG_INFORMATION_FORMAT = dwarf;
				ENABLE_STRICT_OBJC_MSGSEND = YES;
				ENABLE_TESTABILITY = YES;
				GCC_C_LANGUAGE_STANDARD = gnu11;
				GCC_DYNAMIC_NO_PIC = NO;
				GCC_NO_COMMON_BLOCKS = YES;
				GCC_OPTIMIZATION_LEVEL = 0;
				GCC_PREPROCESSOR_DEFINITIONS = (
					"DEBUG=1",
					"$(inherited)",
				);
				GCC_WARN_64_TO_32_BIT_CONVERSION = YES;
				GCC_WARN_ABOUT_RETURN_TYPE = YES_ERROR;
				GCC_WARN_UNDECLARED_SELECTOR = YES;
				GCC_WARN_UNINITIALIZED_AUTOS = YES_AGGRESSIVE;
				GCC_WARN_UNUSED_FUNCTION = YES;
				GCC_WARN_UNUSED_VARIABLE = YES;
				IPHONEOS_DEPLOYMENT_TARGET = 16.4;
				MTL_ENABLE_DEBUG_INFO = INCLUDE_SOURCE;
				MTL_FAST_MATH = YES;
				ONLY_ACTIVE_ARCH = YES;
				SDKROOT = iphoneos;
				SWIFT_ACTIVE_COMPILATION_CONDITIONS = DEBUG;
				SWIFT_OPTIMIZATION_LEVEL = "-Onone";
			};
			name = Debug;
		};
		41060B5F2A3CA6DC00B984EC /* Release */ = {
			isa = XCBuildConfiguration;
			buildSettings = {
				ALWAYS_SEARCH_USER_PATHS = NO;
				CLANG_ANALYZER_NONNULL = YES;
				CLANG_ANALYZER_NUMBER_OBJECT_CONVERSION = YES_AGGRESSIVE;
				CLANG_CXX_LANGUAGE_STANDARD = "gnu++20";
				CLANG_ENABLE_MODULES = YES;
				CLANG_ENABLE_OBJC_ARC = YES;
				CLANG_ENABLE_OBJC_WEAK = YES;
				CLANG_WARN_BLOCK_CAPTURE_AUTORELEASING = YES;
				CLANG_WARN_BOOL_CONVERSION = YES;
				CLANG_WARN_COMMA = YES;
				CLANG_WARN_CONSTANT_CONVERSION = YES;
				CLANG_WARN_DEPRECATED_OBJC_IMPLEMENTATIONS = YES;
				CLANG_WARN_DIRECT_OBJC_ISA_USAGE = YES_ERROR;
				CLANG_WARN_DOCUMENTATION_COMMENTS = YES;
				CLANG_WARN_EMPTY_BODY = YES;
				CLANG_WARN_ENUM_CONVERSION = YES;
				CLANG_WARN_INFINITE_RECURSION = YES;
				CLANG_WARN_INT_CONVERSION = YES;
				CLANG_WARN_NON_LITERAL_NULL_CONVERSION = YES;
				CLANG_WARN_OBJC_IMPLICIT_RETAIN_SELF = YES;
				CLANG_WARN_OBJC_LITERAL_CONVERSION = YES;
				CLANG_WARN_OBJC_ROOT_CLASS = YES_ERROR;
				CLANG_WARN_QUOTED_INCLUDE_IN_FRAMEWORK_HEADER = YES;
				CLANG_WARN_RANGE_LOOP_ANALYSIS = YES;
				CLANG_WARN_STRICT_PROTOTYPES = YES;
				CLANG_WARN_SUSPICIOUS_MOVE = YES;
				CLANG_WARN_UNGUARDED_AVAILABILITY = YES_AGGRESSIVE;
				CLANG_WARN_UNREACHABLE_CODE = YES;
				CLANG_WARN__DUPLICATE_METHOD_MATCH = YES;
				COPY_PHASE_STRIP = NO;
				DEBUG_INFORMATION_FORMAT = "dwarf-with-dsym";
				ENABLE_NS_ASSERTIONS = NO;
				ENABLE_STRICT_OBJC_MSGSEND = YES;
				GCC_C_LANGUAGE_STANDARD = gnu11;
				GCC_NO_COMMON_BLOCKS = YES;
				GCC_WARN_64_TO_32_BIT_CONVERSION = YES;
				GCC_WARN_ABOUT_RETURN_TYPE = YES_ERROR;
				GCC_WARN_UNDECLARED_SELECTOR = YES;
				GCC_WARN_UNINITIALIZED_AUTOS = YES_AGGRESSIVE;
				GCC_WARN_UNUSED_FUNCTION = YES;
				GCC_WARN_UNUSED_VARIABLE = YES;
				IPHONEOS_DEPLOYMENT_TARGET = 16.4;
				MTL_ENABLE_DEBUG_INFO = NO;
				MTL_FAST_MATH = YES;
				SDKROOT = iphoneos;
				SWIFT_COMPILATION_MODE = wholemodule;
				SWIFT_OPTIMIZATION_LEVEL = "-O";
				VALIDATE_PRODUCT = YES;
			};
			name = Release;
		};
		41060B612A3CA6DC00B984EC /* Debug */ = {
			isa = XCBuildConfiguration;
			buildSettings = {
				ASSETCATALOG_COMPILER_APPICON_NAME = AppIcon;
				ASSETCATALOG_COMPILER_GLOBAL_ACCENT_COLOR_NAME = AccentColor;
				CODE_SIGN_STYLE = Automatic;
				CURRENT_PROJECT_VERSION = 1;
				DEVELOPMENT_ASSET_PATHS = "\"MyWeather/Preview Content\"";
				DEVELOPMENT_TEAM = T76MCQRV73;
				ENABLE_PREVIEWS = YES;
				GENERATE_INFOPLIST_FILE = YES;
				INFOPLIST_KEY_UIApplicationSceneManifest_Generation = YES;
				INFOPLIST_KEY_UIApplicationSupportsIndirectInputEvents = YES;
				INFOPLIST_KEY_UILaunchScreen_Generation = YES;
				INFOPLIST_KEY_UISupportedInterfaceOrientations_iPad = "UIInterfaceOrientationPortrait UIInterfaceOrientationPortraitUpsideDown UIInterfaceOrientationLandscapeLeft UIInterfaceOrientationLandscapeRight";
				INFOPLIST_KEY_UISupportedInterfaceOrientations_iPhone = "UIInterfaceOrientationPortrait UIInterfaceOrientationLandscapeLeft UIInterfaceOrientationLandscapeRight";
				IPHONEOS_DEPLOYMENT_TARGET = 16.4;
				LD_RUNPATH_SEARCH_PATHS = (
					"$(inherited)",
					"@executable_path/Frameworks",
				);
				MARKETING_VERSION = 1.0;
				PRODUCT_BUNDLE_IDENTIFIER = com.AliAljabri.MyWeather;
				PRODUCT_NAME = "$(TARGET_NAME)";
				SWIFT_EMIT_LOC_STRINGS = YES;
				SWIFT_VERSION = 5.0;
				TARGETED_DEVICE_FAMILY = "1,2";
			};
			name = Debug;
		};
		41060B622A3CA6DC00B984EC /* Release */ = {
			isa = XCBuildConfiguration;
			buildSettings = {
				ASSETCATALOG_COMPILER_APPICON_NAME = AppIcon;
				ASSETCATALOG_COMPILER_GLOBAL_ACCENT_COLOR_NAME = AccentColor;
				CODE_SIGN_STYLE = Automatic;
				CURRENT_PROJECT_VERSION = 1;
				DEVELOPMENT_ASSET_PATHS = "\"MyWeather/Preview Content\"";
				DEVELOPMENT_TEAM = T76MCQRV73;
				ENABLE_PREVIEWS = YES;
				GENERATE_INFOPLIST_FILE = YES;
				INFOPLIST_KEY_UIApplicationSceneManifest_Generation = YES;
				INFOPLIST_KEY_UIApplicationSupportsIndirectInputEvents = YES;
				INFOPLIST_KEY_UILaunchScreen_Generation = YES;
				INFOPLIST_KEY_UISupportedInterfaceOrientations_iPad = "UIInterfaceOrientationPortrait UIInterfaceOrientationPortraitUpsideDown UIInterfaceOrientationLandscapeLeft UIInterfaceOrientationLandscapeRight";
				INFOPLIST_KEY_UISupportedInterfaceOrientations_iPhone = "UIInterfaceOrientationPortrait UIInterfaceOrientationLandscapeLeft UIInterfaceOrientationLandscapeRight";
				IPHONEOS_DEPLOYMENT_TARGET = 16.4;
				LD_RUNPATH_SEARCH_PATHS = (
					"$(inherited)",
					"@executable_path/Frameworks",
				);
				MARKETING_VERSION = 1.0;
				PRODUCT_BUNDLE_IDENTIFIER = com.AliAljabri.MyWeather;
				PRODUCT_NAME = "$(TARGET_NAME)";
				SWIFT_EMIT_LOC_STRINGS = YES;
				SWIFT_VERSION = 5.0;
				TARGETED_DEVICE_FAMILY = "1,2";
			};
			name = Release;
		};
/* End XCBuildConfiguration section */

/* Begin XCConfigurationList section */
		41060B4D2A3CA6DA00B984EC /* Build configuration list for PBXProject "MyWeather" */ = {
			isa = XCConfigurationList;
			buildConfigurations = (
				41060B5E2A3CA6DC00B984EC /* Debug */,
				41060B5F2A3CA6DC00B984EC /* Release */,
			);
			defaultConfigurationIsVisible = 0;
			defaultConfigurationName = Release;
		};
		41060B602A3CA6DC00B984EC /* Build configuration list for PBXNativeTarget "MyWeather" */ = {
			isa = XCConfigurationList;
			buildConfigurations = (
				41060B612A3CA6DC00B984EC /* Debug */,
				41060B622A3CA6DC00B984EC /* Release */,
			);
			defaultConfigurationIsVisible = 0;
			defaultConfigurationName = Release;
		};
/* End XCConfigurationList section */
	};
	rootObject = 41060B4A2A3CA6DA00B984EC /* Project object */;
}
